
Microsoft Visual Studio Solution File, Format Version 12.00
# Visual Studio Version 17
VisualStudioVersion = 17.0.32112.339
MinimumVisualStudioVersion = 10.0.40219.1
Project("{9A19103F-16F7-4668-BE54-9A1E7A4F7556}") = "ColorSelector", "ColorSelector.csproj", "{22A87EA8-55E7-44B1-A338-CBF6A5813298}"
EndProject
Project("{FAE04EC0-301F-11D3-BF4B-00C04F79EFBC}") = "ColorSelectorTestApp", "..\ColorSelectorTestApp\ColorSelectorTestApp.csproj", "{2DDD1DBA-AFFF-4D89-ABAE-BCD25E2DD58F}"
EndProject
Global
	GlobalSection(SolutionConfigurationPlatforms) = preSolution
		Debug|Any CPU = Debug|Any CPU
		Release|Any CPU = Release|Any CPU
	EndGlobalSection
	GlobalSection(ProjectConfigurationPlatforms) = postSolution
		{22A87EA8-55E7-44B1-A338-CBF6A5813298}.Debug|Any CPU.ActiveCfg = Debug|Any CPU
		{22A87EA8-55E7-44B1-A338-CBF6A5813298}.Debug|Any CPU.Build.0 = Debug|Any CPU
		{22A87EA8-55E7-44B1-A338-CBF6A5813298}.Release|Any CPU.ActiveCfg = Release|Any CPU
		{22A87EA8-55E7-44B1-A338-CBF6A5813298}.Release|Any CPU.Build.0 = Release|Any CPU
		{2DDD1DBA-AFFF-4D89-ABAE-BCD25E2DD58F}.Debug|Any CPU.ActiveCfg = Debug|Any CPU
		{2DDD1DBA-AFFF-4D89-ABAE-BCD25E2DD58F}.Debug|Any CPU.Build.0 = Debug|Any CPU
		{2DDD1DBA-AFFF-4D89-ABAE-BCD25E2DD58F}.Release|Any CPU.ActiveCfg = Release|Any CPU
		{2DDD1DBA-AFFF-4D89-ABAE-BCD25E2DD58F}.Release|Any CPU.Build.0 = Release|Any CPU
	EndGlobalSection
	GlobalSection(SolutionProperties) = preSolution
		HideSolutionNode = FALSE
	EndGlobalSection
	GlobalSection(ExtensibilityGlobals) = postSolution
		SolutionGuid = {AFB68815-2E8B-4883-B340-EDAE00048932}
	EndGlobalSection
EndGlobal
